version: 6
environments:
  default:
    channels:
    - url: https://conda.anaconda.org/conda-forge/
    indexes:
    - https://pypi.org/simple
    options:
      pypi-prerelease-mode: if-necessary-or-explicit
    packages:
      win-64:
      - conda: https://conda.anaconda.org/conda-forge/win-64/bzip2-1.0.8-h0ad9c76_9.conda
      - conda: https://conda.anaconda.org/conda-forge/noarch/ca-certificates-2026.6.17-h4c7d964_0.conda
      - conda: https://conda.anaconda.org/conda-forge/win-64/libexpat-2.8.1-hac47afa_1.conda
      - conda: https://conda.anaconda.org/conda-forge/win-64/libffi-3.5.2-h3d046cb_0.conda
      - conda: https://conda.anaconda.org/conda-forge/win-64/liblzma-5.8.3-hfd05255_0.conda
      - conda: https://conda.anaconda.org/conda-forge/win-64/libsqlite-3.53.2-hf5d6505_0.conda
      - conda: https://conda.anaconda.org/conda-forge/win-64/libzlib-1.3.2-hfd05255_2.conda
      - conda: https://conda.anaconda.org/conda-forge/win-64/openssl-3.6.3-hf411b9b_0.conda
      - conda: https://conda.anaconda.org/conda-forge/win-64/python-3.12.13-h0159041_0_cpython.conda
      - conda: https://conda.anaconda.org/conda-forge/win-64/tk-8.6.13-h6ed50ae_3.conda
      - conda: https://conda.anaconda.org/conda-forge/noarch/tzdata-2025c-hc9c84f9_1.conda
      - conda: https://conda.anaconda.org/conda-forge/win-64/ucrt-10.0.26100.0-h57928b3_0.conda
      - conda: https://conda.anaconda.org/conda-forge/win-64/vc-14.5-h1b7c187_39.conda
      - conda: https://conda.anaconda.org/conda-forge/win-64/vc14_runtime-14.51.36231-h1b9f54f_39.conda
      - conda: https://conda.anaconda.org/conda-forge/win-64/vcomp14-14.51.36231-h1b9f54f_39.conda
      - pypi: https://files.pythonhosted.org/packages/bb/97/17dac675981730d29b2d583de2aa0a9c2963d6c63f6bdc7eebf2711914ef/adafruit_blinka-9.1.0-py3-none-any.whl
      - pypi: https://files.pythonhosted.org/packages/e5/32/d8fd98a78a7583df786518c425fabf611b078362fe574a66530457dce8c3/adafruit_circuitpython_ads1x15-3.0.5-py3-none-any.whl
      - pypi: https://files.pythonhosted.org/packages/42/0d/66a4e0fbd7b35107f7dee04fed890f77b83d1da9dd1f7474af2ed21700ea/adafruit_circuitpython_busdevice-5.2.17-py3-none-any.whl
      - pypi: https://files.pythonhosted.org/packages/e4/43/929d17e5dbe0773e3a3c728b12cf1a777ada32639764b09365a1b56703c0/adafruit_circuitpython_connectionmanager-3.1.8-py3-none-any.whl
      - pypi: https://files.pythonhosted.org/packages/01/8c/15a2de09cc3c30793336cf79798948768611463ddfb2b2669f51569228fb/adafruit_circuitpython_requests-4.1.17-py3-none-any.whl
      - pypi: https://files.pythonhosted.org/packages/cc/a1/578a03ba2bce0809b4e30974b47958963c9efe67b9fe74e7dbcdbbd45318/adafruit_circuitpython_typing-1.12.3-py3-none-any.whl
      - pypi: https://files.pythonhosted.org/packages/29/c4/32572c051f1554d73633a802447321bff2a2332ef4210d47de807afd26c7/adafruit_platformdetect-3.88.0-py3-none-any.whl
      - pypi: https://files.pythonhosted.org/packages/19/9d/28e9d12f36e13c5f2acba3098187b0e931290ecd1d8df924391b5ad2db19/Adafruit_PureIO-1.1.11-py3-none-any.whl
      - pypi: https://files.pythonhosted.org/packages/7b/6b/0f13486003aea3eb349c2946b7ec9753e7558b78e35d22c938062a96959c/binho_host_adapter-0.1.6-py3-none-any.whl
      - pypi: https://files.pythonhosted.org/packages/bd/b8/461dae0fae64be12d818efab745d520bcf4a96195ccbd5028d58d042e68b/board-1.0-py2.py3-none-any.whl
      - pypi: https://files.pythonhosted.org/packages/b1/42/bb88180fe1e46f77fe9507083a256dad243747e29aa0f2fbf6ff421b4132/boto3-1.43.33-py3-none-any.whl
      - pypi: https://files.pythonhosted.org/packages/a1/f5/55fc2d15a81ae39115ebcf8db876f54e78f834446b468e178c9de8e7977e/botocore-1.43.33-py3-none-any.whl
      - pypi: https://files.pythonhosted.org/packages/19/e8/6026ed58a64563186a9ee3f29f41261fd1828f527dd93d33b60feca63352/contourpy-1.3.3-cp312-cp312-win_amd64.whl
      - pypi: https://files.pythonhosted.org/packages/e7/05/c19819d5e3d95294a6f5947fb9b9629efb316b96de511b418c53d245aae6/cycler-0.12.1-py3-none-any.whl
      - pypi: https://files.pythonhosted.org/packages/8a/00/868ce0ea22a61efbc232cd985f95c0366d75403b6da17706366891dfe74b/flexsea-12.2.3-py3-none-any.whl
      - pypi: https://files.pythonhosted.org/packages/87/36/cccb9bc2a6ab63d1b2980374f0dca72ce95ae267c9b4cfe77455bb70d0d4/fonttools-4.63.0-cp312-cp312-win_amd64.whl
      - pypi: https://files.pythonhosted.org/packages/14/2f/967ba146e6d58cf6a652da73885f52fc68001525b4197effc174321d70b4/jmespath-1.1.0-py3-none-any.whl
      - pypi: https://files.pythonhosted.org/packages/ad/cf/0348374369ca588f8fe9c338fae49fa4e16eeb10ffb3d012f23a54578a9e/kiwisolver-1.5.0-cp312-cp312-win_amd64.whl
      - pypi: https://files.pythonhosted.org/packages/e5/2f/a58a4443a4d052a4ea77557478336aefc26c7981f6408d37adba763aa758/matplotlib-3.11.0-cp312-cp312-win_amd64.whl
      - pypi: https://files.pythonhosted.org/packages/16/2e/86f24451c2d530c88daf997cb8d6ac622c1d40d19f5a031ed68a4b73a374/numpy-1.26.4-cp312-cp312-win_amd64.whl
      - pypi: https://files.pythonhosted.org/packages/a4/7d/f1c30a92854540bf789e9cd5dde7ef49bbe63f855b85a2e6b3db8135c591/opencv_python-4.11.0.86-cp37-abi3-win_amd64.whl
      - pypi: https://files.pythonhosted.org/packages/3e/eb/5df1e53d52e8f4e389b26fc42bb822205ae4b5d6779b50fbfcc6aa19a341/opensourceleg-3.5.0-py3-none-any.whl
      - pypi: https://files.pythonhosted.org/packages/df/b2/87e62e8c3e2f4b32e5fe99e0b86d576da1312593b39f47d8ceef365e95ed/packaging-26.2-py3-none-any.whl
      - pypi: https://files.pythonhosted.org/packages/86/41/585a168330ff063014880a80d744219dbf1dd7a1c706e75ab3425a987384/pandas-2.3.3-cp312-cp312-win_amd64.whl
      - pypi: https://files.pythonhosted.org/packages/90/15/1ac481626cb63db751f6281e294661947c1f0321ebe5d1c532a3b51a8006/pendulum-3.2.0-cp312-cp312-win_amd64.whl
      - pypi: https://files.pythonhosted.org/packages/5d/7b/25a221d2c761c6a8ae21bfa3874988ff2583e19cf8a27bf2fee358df7942/pillow-12.2.0-cp312-cp312-win_amd64.whl
      - pypi: https://files.pythonhosted.org/packages/7b/de/260694fa63dab6629c6ba7c2315de64dbd766eb761198b61fba96cbe7ea4/pyftdi-0.57.2-py3-none-any.whl
      - pypi: https://files.pythonhosted.org/packages/10/bd/c038d7cc38edc1aa5bf91ab8068b63d4308c66c4c8bb3cbba7dfbc049f9c/pyparsing-3.3.2-py3-none-any.whl
      - pypi: https://files.pythonhosted.org/packages/07/bc/587a445451b253b285629263eb51c2d8e9bcea4fc97826266d186f96f558/pyserial-3.5-py2.py3-none-any.whl
      - pypi: https://files.pythonhosted.org/packages/ec/57/56b9bcc3c9c6a792fcbaf139543cee77261f3651ca9da0c93f5c1221264b/python_dateutil-2.9.0.post0-py2.py3-none-any.whl
      - pypi: https://files.pythonhosted.org/packages/ec/dd/96da98f892250475bdf2328112d7468abdd4acc7b902b6af23f4ed958ea0/pytz-2026.2-py2.py3-none-any.whl
      - pypi: https://files.pythonhosted.org/packages/28/b8/27e6312e86408a44fe16bd28ee12dd98608b39f7e7e57884a24e8f29b573/pyusb-1.3.1-py3-none-any.whl
      - pypi: https://files.pythonhosted.org/packages/86/bf/899e81e4cce32febab4fb42bb97dcdf66bc135272882d1987881a4b519e9/pyyaml-6.0.3-cp312-cp312-win_amd64.whl
      - pypi: https://files.pythonhosted.org/packages/46/5f/4c174edad94f82de888ac00a5ddd8d07b35609b6c94f0bdf4d74af57703e/s3transfer-0.19.0-py3-none-any.whl
      - pypi: https://files.pythonhosted.org/packages/a2/84/dc08d77fbf3d87d3ee27f6a0c6dcce1de5829a64f2eae85a0ecc1f0daa73/scipy-1.17.1-cp312-cp312-win_amd64.whl
      - pypi: https://files.pythonhosted.org/packages/6a/23/8146aad7d88f4fcb3a6218f41a60f6c2d4e3a72de72da1825dc7c8f7877c/semantic_version-2.10.0-py2.py3-none-any.whl
      - pypi: https://files.pythonhosted.org/packages/b7/ce/149a00dd41f10bc29e5921b496af8b574d8413afcd5e30dfa0ed46c2cc5e/six-1.17.0-py2.py3-none-any.whl
      - pypi: https://files.pythonhosted.org/packages/96/f2/c78a68bd739ac8fc608747cff73a4db3b19f3135658ed4e64374f6425cbf/smbus2-0.6.1-py2.py3-none-any.whl
      - pypi: https://files.pythonhosted.org/packages/18/67/36e9267722cc04a6b9f15c7f3441c2363321a3ea07da7ae0c0707beb2a9c/typing_extensions-4.15.0-py3-none-any.whl
      - pypi: https://files.pythonhosted.org/packages/ce/e4/dccd7f47c4b64213ac01ef921a1337ee6e30e8c6466046018326977efd95/tzdata-2026.2-py2.py3-none-any.whl
      - pypi: https://files.pythonhosted.org/packages/7f/3e/5db95bcf282c52709639744ca2a8b149baccf648e39c8cc87553df9eae0c/urllib3-2.7.0-py3-none-any.whl
packages:
- pypi: https://files.pythonhosted.org/packages/bb/97/17dac675981730d29b2d583de2aa0a9c2963d6c63f6bdc7eebf2711914ef/adafruit_blinka-9.1.0-py3-none-any.whl
  name: adafruit-blinka
  version: 9.1.0
  sha256: 6f617d4ebb7c2e14dfe1259c63f21df4a77d1b12d5efd92cf71ae4bf34d21b91
  requires_dist:
  - adafruit-platformdetect>=3.70.1
  - adafruit-pureio>=1.1.7
  - binho-host-adapter>=0.1.6
  - pyftdi>=0.40.0
  - adafruit-circuitpython-typing
  - sysv-ipc>=1.1.0 ; platform_machine != 'mips' and sys_platform == 'linux'
  - toml>=0.10.2 ; python_full_version < '3.11'
  requires_python: '>=3.7.0'
- pypi: https://files.pythonhosted.org/packages/e5/32/d8fd98a78a7583df786518c425fabf611b078362fe574a66530457dce8c3/adafruit_circuitpython_ads1x15-3.0.5-py3-none-any.whl
  name: adafruit-circuitpython-ads1x15
  version: 3.0.5
  sha256: 5042b06be6516a2e5f1a230f03b03e6c9749ff1d2e9252a2708dd906839a1478
  requires_dist:
  - adafruit-blinka
  - adafruit-circuitpython-busdevice
  - typing-extensions~=4.0
- pypi: https://files.pythonhosted.org/packages/42/0d/66a4e0fbd7b35107f7dee04fed890f77b83d1da9dd1f7474af2ed21700ea/adafruit_circuitpython_busdevice-5.2.17-py3-none-any.whl
  name: adafruit-circuitpython-busdevice
  version: 5.2.17
  sha256: 5a834fbe0b88b07d20494bec566815da154aa4b1b668e2e665277b34b3578e44
  requires_dist:
  - adafruit-blinka>=7.0.0
  - adafruit-circuitpython-typing
- pypi: https://files.pythonhosted.org/packages/e4/43/929d17e5dbe0773e3a3c728b12cf1a777ada32639764b09365a1b56703c0/adafruit_circuitpython_connectionmanager-3.1.8-py3-none-any.whl
  name: adafruit-circuitpython-connectionmanager
  version: 3.1.8
  sha256: f93e27874a840f728b5cdbb1bcf0aee4e75ed1c0ba46b4562606ac3ac3ea2cca
  requires_dist:
  - adafruit-blinka
- pypi: https://files.pythonhosted.org/packages/01/8c/15a2de09cc3c30793336cf79798948768611463ddfb2b2669f51569228fb/adafruit_circuitpython_requests-4.1.17-py3-none-any.whl
  name: adafruit-circuitpython-requests
  version: 4.1.17
  sha256: 4c205188a052f52b3bb8ab4af97798d7d56ae3701857d31f03b164f029fae44f
  requires_dist:
  - adafruit-blinka
  - adafruit-circuitpython-connectionmanager
  - requests ; extra == 'optional'
- pypi: https://files.pythonhosted.org/packages/cc/a1/578a03ba2bce0809b4e30974b47958963c9efe67b9fe74e7dbcdbbd45318/adafruit_circuitpython_typing-1.12.3-py3-none-any.whl
  name: adafruit-circuitpython-typing
  version: 1.12.3
  sha256: f6d0a02150e1e4efb5a2c2945b88d948809fdb465875f39947108b8467c986d9
  requires_dist:
  - adafruit-blinka
  - adafruit-circuitpython-busdevice
  - adafruit-circuitpython-requests
  - typing-extensions~=4.0
  requires_python: '>=3.8'
- pypi: https://files.pythonhosted.org/packages/29/c4/32572c051f1554d73633a802447321bff2a2332ef4210d47de807afd26c7/adafruit_platformdetect-3.88.0-py3-none-any.whl
  name: adafruit-platformdetect
  version: 3.88.0
  sha256: 69e694d80d551c6cb8e39f731e6ee0de1f135e64cffee0e2a665b1f9579c10d7
- pypi: https://files.pythonhosted.org/packages/19/9d/28e9d12f36e13c5f2acba3098187b0e931290ecd1d8df924391b5ad2db19/Adafruit_PureIO-1.1.11-py3-none-any.whl
  name: adafruit-pureio
  version: 1.1.11
  sha256: 281ab2099372cc0decc26326918996cbf21b8eed694ec4764d51eefa029d324e
  requires_python: '>=3.5.0'
- pypi: https://files.pythonhosted.org/packages/7b/6b/0f13486003aea3eb349c2946b7ec9753e7558b78e35d22c938062a96959c/binho_host_adapter-0.1.6-py3-none-any.whl
  name: binho-host-adapter
  version: 0.1.6
  sha256: f71ca176c1e2fc1a5dce128beb286da217555c6c7c805f2ed282a6f3507ec277
  requires_dist:
  - pyserial
- pypi: https://files.pythonhosted.org/packages/bd/b8/461dae0fae64be12d818efab745d520bcf4a96195ccbd5028d58d042e68b/board-1.0-py2.py3-none-any.whl
  name: board
  version: '1.0'
  sha256: b97c986d0190a2a5181a7fe28959cd8515520b87f672796e21e1b0d32cc63e2f
- pypi: https://files.pythonhosted.org/packages/b1/42/bb88180fe1e46f77fe9507083a256dad243747e29aa0f2fbf6ff421b4132/boto3-1.43.33-py3-none-any.whl
  name: boto3
  version: 1.43.33
  sha256: 97b563127f7678ad20249f9bf99877b7a3a78f6fcdcf222c6e25d27d4406ce0d
  requires_dist:
  - botocore>=1.43.33,<1.44.0
  - jmespath>=0.7.1,<2.0.0
  - s3transfer>=0.19.0,<0.20.0
  - botocore[crt]>=1.21.0,<2.0a0 ; extra == 'crt'
  requires_python: '>=3.10'
- pypi: https://files.pythonhosted.org/packages/a1/f5/55fc2d15a81ae39115ebcf8db876f54e78f834446b468e178c9de8e7977e/botocore-1.43.33-py3-none-any.whl
  name: botocore
  version: 1.43.33
  sha256: 4292bb2cc645e5cb404515c54b5b164563f2b4218c52aeee3f1ce851724e177a
  requires_dist:
  - jmespath>=0.7.1,<2.0.0
  - python-dateutil>=2.1,<3.0.0
  - urllib3>=1.25.4,!=2.2.0,<3
  - awscrt==0.32.2 ; extra == 'crt'
  requires_python: '>=3.10'
- conda: https://conda.anaconda.org/conda-forge/win-64/bzip2-1.0.8-h0ad9c76_9.conda
  sha256: 76dfb71df5e8d1c4eded2dbb5ba15bb8fb2e2b0fe42d94145d5eed4c75c35902
  md5: 4cb8e6b48f67de0b018719cdf1136306
  depends:
  - ucrt >=10.0.20348.0
  - vc >=14.3,<15
  - vc14_runtime >=14.44.35208
  license: bzip2-1.0.6
  license_family: BSD
  purls: []
  size: 56115
  timestamp: 1771350256444
- conda: https://conda.anaconda.org/conda-forge/noarch/ca-certificates-2026.6.17-h4c7d964_0.conda
  sha256: 7f458e4a82514d7bebbfef23d92817794a16aaf1c748a15f04870d4fb49aeab2
  md5: b9696b2cf00dfeec138c70cee38ed192
  depends:
  - __win
  license: ISC
  purls: []
  size: 129352
  timestamp: 1781709016515
- pypi: https://files.pythonhosted.org/packages/19/e8/6026ed58a64563186a9ee3f29f41261fd1828f527dd93d33b60feca63352/contourpy-1.3.3-cp312-cp312-win_amd64.whl
  name: contourpy
  version: 1.3.3
  sha256: 8153b8bfc11e1e4d75bcb0bff1db232f9e10b274e0929de9d608027e0d34ff8b
  requires_dist:
  - numpy>=1.25
  - furo ; extra == 'docs'
  - sphinx>=7.2 ; extra == 'docs'
  - sphinx-copybutton ; extra == 'docs'
  - bokeh ; extra == 'bokeh'
  - selenium ; extra == 'bokeh'
  - contourpy[bokeh,docs] ; extra == 'mypy'
  - bokeh ; extra == 'mypy'
  - docutils-stubs ; extra == 'mypy'
  - mypy==1.17.0 ; extra == 'mypy'
  - types-pillow ; extra == 'mypy'
  - contourpy[test-no-images] ; extra == 'test'
  - matplotlib ; extra == 'test'
  - pillow ; extra == 'test'
  - pytest ; extra == 'test-no-images'
  - pytest-cov ; extra == 'test-no-images'
  - pytest-rerunfailures ; extra == 'test-no-images'
  - pytest-xdist ; extra == 'test-no-images'
  - wurlitzer ; extra == 'test-no-images'
  requires_python: '>=3.11'
- pypi: https://files.pythonhosted.org/packages/e7/05/c19819d5e3d95294a6f5947fb9b9629efb316b96de511b418c53d245aae6/cycler-0.12.1-py3-none-any.whl
  name: cycler
  version: 0.12.1
  sha256: 85cef7cff222d8644161529808465972e51340599459b8ac3ccbac5a854e0d30
  requires_dist:
  - ipython ; extra == 'docs'
  - matplotlib ; extra == 'docs'
  - numpydoc ; extra == 'docs'
  - sphinx ; extra == 'docs'
  - pytest ; extra == 'tests'
  - pytest-cov ; extra == 'tests'
  - pytest-xdist ; extra == 'tests'
  requires_python: '>=3.8'
- pypi: https://files.pythonhosted.org/packages/8a/00/868ce0ea22a61efbc232cd985f95c0366d75403b6da17706366891dfe74b/flexsea-12.2.3-py3-none-any.whl
  name: flexsea
  version: 12.2.3
  sha256: 09d2c957a0336b8cd56c24bfaa16cbe0a79b534dae878133f36fad247b355e3d
  requires_dist:
  - boto3>=1.40.41,<2.0.0
  - pandas>=2.3.3,<3.0.0
  - pendulum>=2.1.2,<3.0.0 ; python_full_version < '3.12'
  - pendulum>=3.0.0,<4.0.0 ; python_full_version >= '3.12'
  - pyudev>=0.24.1,<0.25.0 ; sys_platform == 'linux'
  - pyyaml>=6.0,<7.0
  - semantic-version>=2.10.0,<3.0.0
  requires_python: '>=3.11,<4.0'
- pypi: https://files.pythonhosted.org/packages/87/36/cccb9bc2a6ab63d1b2980374f0dca72ce95ae267c9b4cfe77455bb70d0d4/fonttools-4.63.0-cp312-cp312-win_amd64.whl
  name: fonttools
  version: 4.63.0
  sha256: 59ac449f8cca9b4ffa08d2e7bbadad87ce710d69d1eda5c3c1ce579baa987272
  requires_dist:
  - lxml>=4.0 ; extra == 'lxml'
  - brotli>=1.0.1 ; platform_python_implementation == 'CPython' and extra == 'woff'
  - brotlicffi>=0.8.0 ; platform_python_implementation != 'CPython' and extra == 'woff'
  - zopfli>=0.1.4 ; extra == 'woff'
  - unicodedata2>=17.0.0 ; python_full_version < '3.15' and extra == 'unicode'
  - lz4>=1.7.4.2 ; extra == 'graphite'
  - scipy ; platform_python_implementation != 'PyPy' and extra == 'interpolatable'
  - munkres ; platform_python_implementation == 'PyPy' and extra == 'interpolatable'
  - pycairo ; extra == 'interpolatable'
  - matplotlib ; extra == 'plot'
  - sympy ; extra == 'symfont'
  - xattr ; sys_platform == 'darwin' and extra == 'type1'
  - skia-pathops>=0.5.0 ; extra == 'pathops'
  - uharfbuzz>=0.45.0 ; extra == 'repacker'
  - lxml>=4.0 ; extra == 'all'
  - brotli>=1.0.1 ; platform_python_implementation == 'CPython' and extra == 'all'
  - brotlicffi>=0.8.0 ; platform_python_implementation != 'CPython' and extra == 'all'
  - zopfli>=0.1.4 ; extra == 'all'
  - unicodedata2>=17.0.0 ; python_full_version < '3.15' and extra == 'all'
  - lz4>=1.7.4.2 ; extra == 'all'
  - scipy ; platform_python_implementation != 'PyPy' and extra == 'all'
  - munkres ; platform_python_implementation == 'PyPy' and extra == 'all'
  - pycairo ; extra == 'all'
  - matplotlib ; extra == 'all'
  - sympy ; extra == 'all'
  - xattr ; sys_platform == 'darwin' and extra == 'all'
  - skia-pathops>=0.5.0 ; extra == 'all'
  - uharfbuzz>=0.45.0 ; extra == 'all'
  requires_python: '>=3.10'
- pypi: https://files.pythonhosted.org/packages/14/2f/967ba146e6d58cf6a652da73885f52fc68001525b4197effc174321d70b4/jmespath-1.1.0-py3-none-any.whl
  name: jmespath
  version: 1.1.0
  sha256: a5663118de4908c91729bea0acadca56526eb2698e83de10cd116ae0f4e97c64
  requires_python: '>=3.9'
- pypi: https://files.pythonhosted.org/packages/ad/cf/0348374369ca588f8fe9c338fae49fa4e16eeb10ffb3d012f23a54578a9e/kiwisolver-1.5.0-cp312-cp312-win_amd64.whl
  name: kiwisolver
  version: 1.5.0
  sha256: f18c2d9782259a6dc132fdc7a63c168cbc74b35284b6d75c673958982a378384
  requires_python: '>=3.10'
- conda: https://conda.anaconda.org/conda-forge/win-64/libexpat-2.8.1-hac47afa_1.conda
  sha256: 1a54d874addda73b6f7164d5f3905821277a1831bcc05edd74b3085391688571
  md5: ccc490c81ffe14181861beac0e8f3169
  depends:
  - ucrt >=10.0.20348.0
  - vc >=14.3,<15
  - vc14_runtime >=14.44.35208
  constrains:
  - expat 2.8.1.*
  license: MIT
  license_family: MIT
  purls: []
  size: 71631
  timestamp: 1781203724164
- conda: https://conda.anaconda.org/conda-forge/win-64/libffi-3.5.2-h3d046cb_0.conda
  sha256: 59d01f2dfa8b77491b5888a5ab88ff4e1574c9359f7e229da254cdfe27ddc190
  md5: 720b39f5ec0610457b725eb3f396219a
  depends:
  - ucrt >=10.0.20348.0
  - vc >=14.3,<15
  - vc14_runtime >=14.44.35208
  license: MIT
  license_family: MIT
  purls: []
  size: 45831
  timestamp: 1769456418774
- conda: https://conda.anaconda.org/conda-forge/win-64/liblzma-5.8.3-hfd05255_0.conda
  sha256: d636d1a25234063642f9c531a7bb58d84c1c496411280a36ea000bd122f078f1
  md5: 8f83619ab1588b98dd99c90b0bfc5c6d
  depends:
  - ucrt >=10.0.20348.0
  - vc >=14.3,<15
  - vc14_runtime >=14.44.35208
  constrains:
  - xz 5.8.3.*
  license: 0BSD
  purls: []
  size: 106486
  timestamp: 1775825663227
- conda: https://conda.anaconda.org/conda-forge/win-64/libsqlite-3.53.2-hf5d6505_0.conda
  sha256: 4cd81319dcc58fb758da20a6d5595950c021adc2c18d7cffeadcfb590529629f
  md5: df294e7f9f24a6063f0e226f4d028fda
  depends:
  - ucrt >=10.0.20348.0
  - vc >=14.3,<15
  - vc14_runtime >=14.44.35208
  license: blessing
  purls: []
  size: 1313306
  timestamp: 1780574491977
- conda: https://conda.anaconda.org/conda-forge/win-64/libzlib-1.3.2-hfd05255_2.conda
  sha256: 88609816e0cc7452bac637aaf65783e5edf4fee8a9f8e22bdc3a75882c536061
  md5: dbabbd6234dea34040e631f87676292f
  depends:
  - ucrt >=10.0.20348.0
  - vc >=14.3,<15
  - vc14_runtime >=14.44.35208
  constrains:
  - zlib 1.3.2 *_2
  license: Zlib
  license_family: Other
  purls: []
  size: 58347
  timestamp: 1774072851498
- pypi: https://files.pythonhosted.org/packages/e5/2f/a58a4443a4d052a4ea77557478336aefc26c7981f6408d37adba763aa758/matplotlib-3.11.0-cp312-cp312-win_amd64.whl
  name: matplotlib
  version: 3.11.0
  sha256: ac6f1ef39f3d0f9e2463303013094992cdbe0f85f43bc54155bc472b2042768e
  requires_dist:
  - contourpy>=1.0.1
  - cycler>=0.10
  - fonttools>=4.22.0
  - kiwisolver>=1.3.1
  - numpy>=1.25
  - packaging>=20.0
  - pillow>=9
  - pyparsing>=3
  - python-dateutil>=2.7
  requires_python: '>=3.11'
- pypi: https://files.pythonhosted.org/packages/16/2e/86f24451c2d530c88daf997cb8d6ac622c1d40d19f5a031ed68a4b73a374/numpy-1.26.4-cp312-cp312-win_amd64.whl
  name: numpy
  version: 1.26.4
  sha256: 08beddf13648eb95f8d867350f6a018a4be2e5ad54c8d8caed89ebca558b2818
  requires_python: '>=3.9'
- pypi: https://files.pythonhosted.org/packages/a4/7d/f1c30a92854540bf789e9cd5dde7ef49bbe63f855b85a2e6b3db8135c591/opencv_python-4.11.0.86-cp37-abi3-win_amd64.whl
  name: opencv-python
  version: 4.11.0.86
  sha256: 085ad9b77c18853ea66283e98affefe2de8cc4c1f43eda4c100cf9b2721142ec
  requires_dist:
  - numpy>=1.13.3 ; python_full_version < '3.7'
  - numpy>=1.21.0 ; python_full_version < '3.10' and platform_machine == 'arm64' and sys_platform == 'darwin'
  - numpy>=1.21.2 ; python_full_version >= '3.10'
  - numpy>=1.21.4 ; python_full_version >= '3.10' and sys_platform == 'darwin'
  - numpy>=1.23.5 ; python_full_version >= '3.11'
  - numpy>=1.26.0 ; python_full_version >= '3.12'
  - numpy>=1.19.3 ; python_full_version >= '3.6' and platform_machine == 'aarch64' and sys_platform == 'linux'
  - numpy>=1.17.0 ; python_full_version >= '3.7'
  - numpy>=1.17.3 ; python_full_version >= '3.8'
  - numpy>=1.19.3 ; python_full_version >= '3.9'
  requires_python: '>=3.6'
- pypi: https://files.pythonhosted.org/packages/3e/eb/5df1e53d52e8f4e389b26fc42bb822205ae4b5d6779b50fbfcc6aa19a341/opensourceleg-3.5.0-py3-none-any.whl
  name: opensourceleg
  version: 3.5.0
  sha256: 10bbca015340bf3bdc77ce1f9d20b54898d355f493d41d9f97ea9f6c7f859aed
  requires_dist:
  - numpy>=1.24.3,<2
  - pandas>=2.2.3,<3
  - adafruit-circuitpython-bno055>=5.4.13,<6 ; platform_machine == 'aarch64' and sys_platform == 'linux' and extra == 'bno055'
  - adafruit-circuitpython-lis3dh>=5.2.2,<6 ; platform_machine == 'aarch64' and sys_platform == 'linux' and extra == 'bno055'
  - board~=1.0 ; extra == 'bno055'
  - smbus2>=0.4.2 ; extra == 'communication'
  - spidev>=3.7 ; sys_platform == 'linux' and extra == 'communication'
  - flexsea ; extra == 'dephy'
  - grpcio-tools>=1.65.5,<2 ; extra == 'messaging'
  - grpcio>=1.65.5,<2 ; extra == 'messaging'
  - types-protobuf>=4.21.0,<5 ; extra == 'messaging'
  - moteus-pi3hat>=0.3.29,<0.4 ; platform_machine == 'aarch64' and sys_platform == 'linux' and extra == 'moteus'
  - moteus>=0.3.72,<0.4 ; extra == 'moteus'
  requires_python: '>=3.11,<4.0'
- conda: https://conda.anaconda.org/conda-forge/win-64/openssl-3.6.3-hf411b9b_0.conda
  sha256: cb6e7ba0d010ee0d3249ce9886de3d7613d26d9965d4c95666fa66b9c4c31001
  md5: e99f95734a326c0fd4d02bbd995150d4
  depends:
  - ca-certificates
  - ucrt >=10.0.20348.0
  - vc >=14.3,<15
  - vc14_runtime >=14.44.35208
  license: Apache-2.0
  license_family: Apache
  purls: []
  size: 9414790
  timestamp: 1781071745579
- pypi: https://files.pythonhosted.org/packages/df/b2/87e62e8c3e2f4b32e5fe99e0b86d576da1312593b39f47d8ceef365e95ed/packaging-26.2-py3-none-any.whl
  name: packaging
  version: '26.2'
  sha256: 5fc45236b9446107ff2415ce77c807cee2862cb6fac22b8a73826d0693b0980e
  requires_python: '>=3.8'
- pypi: https://files.pythonhosted.org/packages/86/41/585a168330ff063014880a80d744219dbf1dd7a1c706e75ab3425a987384/pandas-2.3.3-cp312-cp312-win_amd64.whl
  name: pandas
  version: 2.3.3
  sha256: a16dcec078a01eeef8ee61bf64074b4e524a2a3f4b3be9326420cabe59c4778b
  requires_dist:
  - numpy>=1.22.4 ; python_full_version < '3.11'
  - numpy>=1.23.2 ; python_full_version == '3.11.*'
  - numpy>=1.26.0 ; python_full_version >= '3.12'
  - python-dateutil>=2.8.2
  - pytz>=2020.1
  - tzdata>=2022.7
  - hypothesis>=6.46.1 ; extra == 'test'
  - pytest>=7.3.2 ; extra == 'test'
  - pytest-xdist>=2.2.0 ; extra == 'test'
  - pyarrow>=10.0.1 ; extra == 'pyarrow'
  - bottleneck>=1.3.6 ; extra == 'performance'
  - numba>=0.56.4 ; extra == 'performance'
  - numexpr>=2.8.4 ; extra == 'performance'
  - scipy>=1.10.0 ; extra == 'computation'
  - xarray>=2022.12.0 ; extra == 'computation'
  - fsspec>=2022.11.0 ; extra == 'fss'
  - s3fs>=2022.11.0 ; extra == 'aws'
  - gcsfs>=2022.11.0 ; extra == 'gcp'
  - pandas-gbq>=0.19.0 ; extra == 'gcp'
  - odfpy>=1.4.1 ; extra == 'excel'
  - openpyxl>=3.1.0 ; extra == 'excel'
  - python-calamine>=0.1.7 ; extra == 'excel'
  - pyxlsb>=1.0.10 ; extra == 'excel'
  - xlrd>=2.0.1 ; extra == 'excel'
  - xlsxwriter>=3.0.5 ; extra == 'excel'
  - pyarrow>=10.0.1 ; extra == 'parquet'
  - pyarrow>=10.0.1 ; extra == 'feather'
  - tables>=3.8.0 ; extra == 'hdf5'
  - pyreadstat>=1.2.0 ; extra == 'spss'
  - sqlalchemy>=2.0.0 ; extra == 'postgresql'
  - psycopg2>=2.9.6 ; extra == 'postgresql'
  - adbc-driver-postgresql>=0.8.0 ; extra == 'postgresql'
  - sqlalchemy>=2.0.0 ; extra == 'mysql'
  - pymysql>=1.0.2 ; extra == 'mysql'
  - sqlalchemy>=2.0.0 ; extra == 'sql-other'
  - adbc-driver-postgresql>=0.8.0 ; extra == 'sql-other'
  - adbc-driver-sqlite>=0.8.0 ; extra == 'sql-other'
  - beautifulsoup4>=4.11.2 ; extra == 'html'
  - html5lib>=1.1 ; extra == 'html'
  - lxml>=4.9.2 ; extra == 'html'
  - lxml>=4.9.2 ; extra == 'xml'
  - matplotlib>=3.6.3 ; extra == 'plot'
  - jinja2>=3.1.2 ; extra == 'output-formatting'
  - tabulate>=0.9.0 ; extra == 'output-formatting'
  - pyqt5>=5.15.9 ; extra == 'clipboard'
  - qtpy>=2.3.0 ; extra == 'clipboard'
  - zstandard>=0.19.0 ; extra == 'compression'
  - dataframe-api-compat>=0.1.7 ; extra == 'consortium-standard'
  - adbc-driver-postgresql>=0.8.0 ; extra == 'all'
  - adbc-driver-sqlite>=0.8.0 ; extra == 'all'
  - beautifulsoup4>=4.11.2 ; extra == 'all'
  - bottleneck>=1.3.6 ; extra == 'all'
  - dataframe-api-compat>=0.1.7 ; extra == 'all'
  - fastparquet>=2022.12.0 ; extra == 'all'
  - fsspec>=2022.11.0 ; extra == 'all'
  - gcsfs>=2022.11.0 ; extra == 'all'
  - html5lib>=1.1 ; extra == 'all'
  - hypothesis>=6.46.1 ; extra == 'all'
  - jinja2>=3.1.2 ; extra == 'all'
  - lxml>=4.9.2 ; extra == 'all'
  - matplotlib>=3.6.3 ; extra == 'all'
  - numba>=0.56.4 ; extra == 'all'
  - numexpr>=2.8.4 ; extra == 'all'
  - odfpy>=1.4.1 ; extra == 'all'
  - openpyxl>=3.1.0 ; extra == 'all'
  - pandas-gbq>=0.19.0 ; extra == 'all'
  - psycopg2>=2.9.6 ; extra == 'all'
  - pyarrow>=10.0.1 ; extra == 'all'
  - pymysql>=1.0.2 ; extra == 'all'
  - pyqt5>=5.15.9 ; extra == 'all'
  - pyreadstat>=1.2.0 ; extra == 'all'
  - pytest>=7.3.2 ; extra == 'all'
  - pytest-xdist>=2.2.0 ; extra == 'all'
  - python-calamine>=0.1.7 ; extra == 'all'
  - pyxlsb>=1.0.10 ; extra == 'all'
  - qtpy>=2.3.0 ; extra == 'all'
  - scipy>=1.10.0 ; extra == 'all'
  - s3fs>=2022.11.0 ; extra == 'all'
  - sqlalchemy>=2.0.0 ; extra == 'all'
  - tables>=3.8.0 ; extra == 'all'
  - tabulate>=0.9.0 ; extra == 'all'
  - xarray>=2022.12.0 ; extra == 'all'
  - xlrd>=2.0.1 ; extra == 'all'
  - xlsxwriter>=3.0.5 ; extra == 'all'
  - zstandard>=0.19.0 ; extra == 'all'
  requires_python: '>=3.9'
- pypi: https://files.pythonhosted.org/packages/90/15/1ac481626cb63db751f6281e294661947c1f0321ebe5d1c532a3b51a8006/pendulum-3.2.0-cp312-cp312-win_amd64.whl
  name: pendulum
  version: 3.2.0
  sha256: fd55c12560816d9122ca2142d9e428f32c0c083bf77719320b1767539c7a3a3b
  requires_dist:
  - python-dateutil>=2.6
  - tzdata>=2020.1
  - time-machine>=2.6.0,<3.0.0 ; implementation_name != 'pypy' and extra == 'test'
  requires_python: '>=3.9'
- pypi: https://files.pythonhosted.org/packages/5d/7b/25a221d2c761c6a8ae21bfa3874988ff2583e19cf8a27bf2fee358df7942/pillow-12.2.0-cp312-cp312-win_amd64.whl
  name: pillow
  version: 12.2.0
  sha256: 7f84204dee22a783350679a0333981df803dac21a0190d706a50475e361c93f5
  requires_dist:
  - furo ; extra == 'docs'
  - olefile ; extra == 'docs'
  - sphinx>=8.2 ; extra == 'docs'
  - sphinx-autobuild ; extra == 'docs'
  - sphinx-copybutton ; extra == 'docs'
  - sphinx-inline-tabs ; extra == 'docs'
  - sphinxext-opengraph ; extra == 'docs'
  - olefile ; extra == 'fpx'
  - olefile ; extra == 'mic'
  - arro3-compute ; extra == 'test-arrow'
  - arro3-core ; extra == 'test-arrow'
  - nanoarrow ; extra == 'test-arrow'
  - pyarrow ; extra == 'test-arrow'
  - check-manifest ; extra == 'tests'
  - coverage>=7.4.2 ; extra == 'tests'
  - defusedxml ; extra == 'tests'
  - markdown2 ; extra == 'tests'
  - olefile ; extra == 'tests'
  - packaging ; extra == 'tests'
  - pyroma>=5 ; extra == 'tests'
  - pytest ; extra == 'tests'
  - pytest-cov ; extra == 'tests'
  - pytest-timeout ; extra == 'tests'
  - pytest-xdist ; extra == 'tests'
  - trove-classifiers>=2024.10.12 ; extra == 'tests'
  - defusedxml ; extra == 'xmp'
  requires_python: '>=3.10'
- pypi: https://files.pythonhosted.org/packages/7b/de/260694fa63dab6629c6ba7c2315de64dbd766eb761198b61fba96cbe7ea4/pyftdi-0.57.2-py3-none-any.whl
  name: pyftdi
  version: 0.57.2
  sha256: dec3acdc262594d8b1850a6aee608b861c2973f90011faf5cccae3107d3c67a4
  requires_dist:
  - pyusb>=1.0.0,!=1.2.0
  - pyserial>=3.0
  requires_python: '>=3.9'
- pypi: https://files.pythonhosted.org/packages/10/bd/c038d7cc38edc1aa5bf91ab8068b63d4308c66c4c8bb3cbba7dfbc049f9c/pyparsing-3.3.2-py3-none-any.whl
  name: pyparsing
  version: 3.3.2
  sha256: 850ba148bd908d7e2411587e247a1e4f0327839c40e2e5e6d05a007ecc69911d
  requires_dist:
  - railroad-diagrams ; extra == 'diagrams'
  - jinja2 ; extra == 'diagrams'
  requires_python: '>=3.9'
- pypi: https://files.pythonhosted.org/packages/07/bc/587a445451b253b285629263eb51c2d8e9bcea4fc97826266d186f96f558/pyserial-3.5-py2.py3-none-any.whl
  name: pyserial
  version: '3.5'
  sha256: c4451db6ba391ca6ca299fb3ec7bae67a5c55dde170964c7a14ceefec02f2cf0
  requires_dist:
  - hidapi ; extra == 'cp2110'
- conda: https://conda.anaconda.org/conda-forge/win-64/python-3.12.13-h0159041_0_cpython.conda
  sha256: a02b446d8b7b167b61733a3de3be5de1342250403e72a63b18dac89e99e6180e
  md5: 2956dff38eb9f8332ad4caeba941cfe7
  depends:
  - bzip2 >=1.0.8,<2.0a0
  - libexpat >=2.7.4,<3.0a0
  - libffi >=3.5.2,<3.6.0a0
  - liblzma >=5.8.2,<6.0a0
  - libsqlite >=3.51.2,<4.0a0
  - libzlib >=1.3.1,<2.0a0
  - openssl >=3.5.5,<4.0a0
  - tk >=8.6.13,<8.7.0a0
  - tzdata
  - ucrt >=10.0.20348.0
  - vc >=14.3,<15
  - vc14_runtime >=14.44.35208
  constrains:
  - python_abi 3.12.* *_cp312
  license: Python-2.0
  purls: []
  size: 15840187
  timestamp: 1772728877265
- pypi: https://files.pythonhosted.org/packages/ec/57/56b9bcc3c9c6a792fcbaf139543cee77261f3651ca9da0c93f5c1221264b/python_dateutil-2.9.0.post0-py2.py3-none-any.whl
  name: python-dateutil
  version: 2.9.0.post0
  sha256: a8b2bc7bffae282281c8140a97d3aa9c14da0b136dfe83f850eea9a5f7470427
  requires_dist:
  - six>=1.5
  requires_python: '>=2.7,!=3.0.*,!=3.1.*,!=3.2.*'
- pypi: https://files.pythonhosted.org/packages/ec/dd/96da98f892250475bdf2328112d7468abdd4acc7b902b6af23f4ed958ea0/pytz-2026.2-py2.py3-none-any.whl
  name: pytz
  version: '2026.2'
  sha256: 04156e608bee23d3792fd45c94ae47fae1036688e75032eea2e3bf0323d1f126
- pypi: https://files.pythonhosted.org/packages/28/b8/27e6312e86408a44fe16bd28ee12dd98608b39f7e7e57884a24e8f29b573/pyusb-1.3.1-py3-none-any.whl
  name: pyusb
  version: 1.3.1
  sha256: bf9b754557af4717fe80c2b07cc2b923a9151f5c08d17bdb5345dac09d6a0430
  requires_python: '>=3.9.0'
- pypi: https://files.pythonhosted.org/packages/86/bf/899e81e4cce32febab4fb42bb97dcdf66bc135272882d1987881a4b519e9/pyyaml-6.0.3-cp312-cp312-win_amd64.whl
  name: pyyaml
  version: 6.0.3
  sha256: 5fcd34e47f6e0b794d17de1b4ff496c00986e1c83f7ab2fb8fcfe9616ff7477b
  requires_python: '>=3.8'
- pypi: https://files.pythonhosted.org/packages/46/5f/4c174edad94f82de888ac00a5ddd8d07b35609b6c94f0bdf4d74af57703e/s3transfer-0.19.0-py3-none-any.whl
  name: s3transfer
  version: 0.19.0
  sha256: 777cc2415536f1debadb5c2ef7779275d0fc0fe0e042411cdd6caebeb2685262
  requires_dist:
  - botocore>=1.37.4,<2.0a0
  - botocore[crt]>=1.37.4,<2.0a0 ; extra == 'crt'
  requires_python: '>=3.10'
- pypi: https://files.pythonhosted.org/packages/a2/84/dc08d77fbf3d87d3ee27f6a0c6dcce1de5829a64f2eae85a0ecc1f0daa73/scipy-1.17.1-cp312-cp312-win_amd64.whl
  name: scipy
  version: 1.17.1
  sha256: 41b71f4a3a4cab9d366cd9065b288efc4d4f3c0b37a91a8e0947fb5bd7f31d87
  requires_dist:
  - numpy>=1.26.4,<2.7
  - pytest>=8.0.0 ; extra == 'test'
  - pytest-cov ; extra == 'test'
  - pytest-timeout ; extra == 'test'
  - pytest-xdist ; extra == 'test'
  - asv ; extra == 'test'
  - mpmath ; extra == 'test'
  - gmpy2 ; extra == 'test'
  - threadpoolctl ; extra == 'test'
  - scikit-umfpack ; extra == 'test'
  - pooch ; extra == 'test'
  - hypothesis>=6.30 ; extra == 'test'
  - array-api-strict>=2.3.1 ; extra == 'test'
  - cython ; extra == 'test'
  - meson ; extra == 'test'
  - ninja ; sys_platform != 'emscripten' and extra == 'test'
  - sphinx>=5.0.0,<8.2.0 ; extra == 'doc'
  - intersphinx-registry ; extra == 'doc'
  - pydata-sphinx-theme>=0.15.2 ; extra == 'doc'
  - sphinx-copybutton ; extra == 'doc'
  - sphinx-design>=0.4.0 ; extra == 'doc'
  - matplotlib>=3.5 ; extra == 'doc'
  - numpydoc ; extra == 'doc'
  - jupytext ; extra == 'doc'
  - myst-nb>=1.2.0 ; extra == 'doc'
  - pooch ; extra == 'doc'
  - jupyterlite-sphinx>=0.19.1 ; extra == 'doc'
  - jupyterlite-pyodide-kernel ; extra == 'doc'
  - linkify-it-py ; extra == 'doc'
  - tabulate ; extra == 'doc'
  - click<8.3.0 ; extra == 'dev'
  - spin ; extra == 'dev'
  - mypy==1.10.0 ; extra == 'dev'
  - typing-extensions ; extra == 'dev'
  - types-psutil ; extra == 'dev'
  - pycodestyle ; extra == 'dev'
  - ruff>=0.12.0 ; extra == 'dev'
  - cython-lint>=0.12.2 ; extra == 'dev'
  requires_python: '>=3.11'
- pypi: https://files.pythonhosted.org/packages/6a/23/8146aad7d88f4fcb3a6218f41a60f6c2d4e3a72de72da1825dc7c8f7877c/semantic_version-2.10.0-py2.py3-none-any.whl
  name: semantic-version
  version: 2.10.0
  sha256: de78a3b8e0feda74cabc54aab2da702113e33ac9d9eb9d2389bcf1f58b7d9177
  requires_dist:
  - django>=1.11 ; extra == 'dev'
  - nose2 ; extra == 'dev'
  - tox ; extra == 'dev'
  - check-manifest ; extra == 'dev'
  - coverage ; extra == 'dev'
  - flake8 ; extra == 'dev'
  - wheel ; extra == 'dev'
  - zest-releaser[recommended] ; extra == 'dev'
  - readme-renderer<25.0 ; python_full_version == '3.4.*' and extra == 'dev'
  - colorama<=0.4.1 ; python_full_version == '3.4.*' and extra == 'dev'
  - sphinx ; extra == 'doc'
  - sphinx-rtd-theme ; extra == 'doc'
  requires_python: '>=2.7'
- pypi: https://files.pythonhosted.org/packages/b7/ce/149a00dd41f10bc29e5921b496af8b574d8413afcd5e30dfa0ed46c2cc5e/six-1.17.0-py2.py3-none-any.whl
  name: six
  version: 1.17.0
  sha256: 4721f391ed90541fddacab5acf947aa0d3dc7d27b2e1e8eda2be8970586c3274
  requires_python: '>=2.7,!=3.0.*,!=3.1.*,!=3.2.*'
- pypi: https://files.pythonhosted.org/packages/96/f2/c78a68bd739ac8fc608747cff73a4db3b19f3135658ed4e64374f6425cbf/smbus2-0.6.1-py2.py3-none-any.whl
  name: smbus2
  version: 0.6.1
  sha256: 650feeb27ca0ed58b07db4c10201c2a662c41305b7bf6e5fab9d888056f48180
  requires_dist:
  - sphinx>=7 ; extra == 'docs'
  - sphinx-rtd-theme ; extra == 'docs'
  - flake8 ; extra == 'qa'
- conda: https://conda.anaconda.org/conda-forge/win-64/tk-8.6.13-h6ed50ae_3.conda
  sha256: 0e79810fae28f3b69fe7391b0d43f5474d6bd91d451d5f2bde02f55ae481d5e3
  md5: 0481bfd9814bf525bd4b3ee4b51494c4
  depends:
  - ucrt >=10.0.20348.0
  - vc >=14.3,<15
  - vc14_runtime >=14.44.35208
  license: TCL
  license_family: BSD
  purls: []
  size: 3526350
  timestamp: 1769460339384
- pypi: https://files.pythonhosted.org/packages/18/67/36e9267722cc04a6b9f15c7f3441c2363321a3ea07da7ae0c0707beb2a9c/typing_extensions-4.15.0-py3-none-any.whl
  name: typing-extensions
  version: 4.15.0
  sha256: f0fa19c6845758ab08074a0cfa8b7aecb71c999ca73d62883bc25cc018c4e548
  requires_python: '>=3.9'
- pypi: https://files.pythonhosted.org/packages/ce/e4/dccd7f47c4b64213ac01ef921a1337ee6e30e8c6466046018326977efd95/tzdata-2026.2-py2.py3-none-any.whl
  name: tzdata
  version: '2026.2'
  sha256: bbe9af844f658da81a5f95019480da3a89415801f6cc966806612cc7169bffe7
  requires_python: '>=2'
- conda: https://conda.anaconda.org/conda-forge/noarch/tzdata-2025c-hc9c84f9_1.conda
  sha256: 1d30098909076af33a35017eed6f2953af1c769e273a0626a04722ac4acaba3c
  md5: ad659d0a2b3e47e38d829aa8cad2d610
  license: LicenseRef-Public-Domain
  purls: []
  size: 119135
  timestamp: 1767016325805
- conda: https://conda.anaconda.org/conda-forge/win-64/ucrt-10.0.26100.0-h57928b3_0.conda
  sha256: 3005729dce6f3d3f5ec91dfc49fc75a0095f9cd23bab49efb899657297ac91a5
  md5: 71b24316859acd00bdb8b38f5e2ce328
  constrains:
  - vc14_runtime >=14.29.30037
  - vs2015_runtime >=14.29.30037
  license: LicenseRef-MicrosoftWindowsSDK10
  purls: []
  size: 694692
  timestamp: 1756385147981
- pypi: https://files.pythonhosted.org/packages/7f/3e/5db95bcf282c52709639744ca2a8b149baccf648e39c8cc87553df9eae0c/urllib3-2.7.0-py3-none-any.whl
  name: urllib3
  version: 2.7.0
  sha256: 9fb4c81ebbb1ce9531cce37674bbc6f1360472bc18ca9a553ede278ef7276897
  requires_dist:
  - brotli>=1.2.0 ; platform_python_implementation == 'CPython' and extra == 'brotli'
  - brotlicffi>=1.2.0.0 ; platform_python_implementation != 'CPython' and extra == 'brotli'
  - h2>=4,<5 ; extra == 'h2'
  - pysocks>=1.5.6,!=1.5.7,<2.0 ; extra == 'socks'
  - backports-zstd>=1.0.0 ; python_full_version < '3.14' and extra == 'zstd'
  requires_python: '>=3.10'
- conda: https://conda.anaconda.org/conda-forge/win-64/vc-14.5-h1b7c187_39.conda
  sha256: 17693b60cb54f80c60275f003f3bfc1b128af56dbfd65c4fae37c64eeb755ce1
  md5: 2eacea63f545b97342da520df6854276
  depends:
  - vc14_runtime >=14.51.36231
  track_features:
  - vc14
  license: BSD-3-Clause
  license_family: BSD
  purls: []
  size: 20362
  timestamp: 1781320968457
- conda: https://conda.anaconda.org/conda-forge/win-64/vc14_runtime-14.51.36231-h1b9f54f_39.conda
  sha256: 8153ed849c92e891eacac0f2f8d7ecb79f9b5fd7f7917fbb896f252a60a40390
  md5: 06a5bf5a1ca16cce0df6eaa91fc42bc2
  depends:
  - ucrt >=10.0.20348.0
  - vcomp14 14.51.36231 h1b9f54f_39
  constrains:
  - vs2015_runtime 14.51.36231.* *_39
  license: LicenseRef-MicrosoftVisualCpp2015-2022Runtime
  license_family: Proprietary
  purls: []
  size: 737434
  timestamp: 1781320964561
- conda: https://conda.anaconda.org/conda-forge/win-64/vcomp14-14.51.36231-h1b9f54f_39.conda
  sha256: 07fb14713c4bc62e2533a2e23a363abfb0e65650681fba0ae4c840e2219350f3
  md5: 8b53a83fda40ec679e4d63fa32fae989
  depends:
  - ucrt >=10.0.20348.0
  constrains:
  - vs2015_runtime 14.51.36231.* *_39
  license: LicenseRef-MicrosoftVisualCpp2015-2022Runtime
  license_family: Proprietary
  purls: []
  size: 120684
  timestamp: 1781320948530
